
Microsoft Visual Studio Solution File, Format Version 12.00
# Visual Studio Version 17
VisualStudioVersion = 17.8.34525.116
MinimumVisualStudioVersion = 10.0.40219.1
Project("{FAE04EC0-301F-11D3-BF4B-00C04F79EFBC}") = "Advanced_C#", "Advanced_C#.csproj", "{2C96A633-02B7-4D7C-BFCA-4449B464D43B}"
EndProject
Global
	GlobalSection(SolutionConfigurationPlatforms) = preSolution
		Debug|Any CPU = Debug|Any CPU
		Release|Any CPU = Release|Any CPU
	EndGlobalSection
	GlobalSection(ProjectConfigurationPlatforms) = postSolution
		{2C96A633-02B7-4D7C-BFCA-4449B464D43B}.Debug|Any CPU.ActiveCfg = Debug|Any CPU
		{2C96A633-02B7-4D7C-BFCA-4449B464D43B}.Debug|Any CPU.Build.0 = Debug|Any CPU
		{2C96A633-02B7-4D7C-BFCA-4449B464D43B}.Release|Any CPU.ActiveCfg = Release|Any CPU
		{2C96A633-02B7-4D7C-BFCA-4449B464D43B}.Release|Any CPU.Build.0 = Release|Any CPU
	EndGlobalSection
	GlobalSection(SolutionProperties) = preSolution
		HideSolutionNode = FALSE
	EndGlobalSection
	GlobalSection(ExtensibilityGlobals) = postSolution
		SolutionGuid = {CB76C86F-ADCE-43E3-BE2E-17680348D5ED}
	EndGlobalSection
EndGlobal
